
Microsoft Visual Studio Solution File, Format Version 12.00
# Visual Studio Version 17
VisualStudioVersion = 17.0.31903.59
MinimumVisualStudioVersion = 10.0.40219.1
Project("{2150E333-8FDC-42A3-9474-1A3956D46DE8}") = "src", "src", "{827E0CD3-B72D-47B6-A68D-7590B98EB39B}"
EndProject
Project("{FAE04EC0-301F-11D3-BF4B-00C04F79EFBC}") = "EnterpriseWms.Domain", "src\EnterpriseWms.Domain\EnterpriseWms.Domain.csproj", "{58D31E8E-F7C4-4FE5-A4BB-3A14C33E7F82}"
EndProject
Project("{2150E333-8FDC-42A3-9474-1A3956D46DE8}") = "tests", "tests", "{0AB3BF05-4346-4AA6-1389-037BE0695223}"
EndProject
Project("{FAE04EC0-301F-11D3-BF4B-00C04F79EFBC}") = "EnterpriseWms.Tests", "tests\EnterpriseWms.Tests\EnterpriseWms.Tests.csproj", "{5E3674B2-0BDF-473F-974C-12F38C132EA0}"
EndProject
Project("{FAE04EC0-301F-11D3-BF4B-00C04F79EFBC}") = "EnterpriseWms.Contracts", "src\EnterpriseWms.Contracts\EnterpriseWms.Contracts.csproj", "{546D66FD-60FC-4045-A811-BFCE1D6B40A5}"
EndProject
Project("{FAE04EC0-301F-11D3-BF4B-00C04F79EFBC}") = "EnterpriseWms.Application", "src\EnterpriseWms.Application\EnterpriseWms.Application.csproj", "{969F6207-1649-4114-B4CB-7662570985FC}"
EndProject
Project("{FAE04EC0-301F-11D3-BF4B-00C04F79EFBC}") = "EnterpriseWms.Infrastructure", "src\EnterpriseWms.Infrastructure\EnterpriseWms.Infrastructure.csproj", "{6BAD4051-5443-446E-9512-E635D7B11AAD}"
EndProject
Project("{FAE04EC0-301F-11D3-BF4B-00C04F79EFBC}") = "EnterpriseWms.Api", "src\EnterpriseWms.Api\EnterpriseWms.Api.csproj", "{3E50ECFA-EE5F-47E1-8CA0-549133CA437E}"
EndProject
Project("{FAE04EC0-301F-11D3-BF4B-00C04F79EFBC}") = "EnterpriseWms.WinForms", "src\EnterpriseWms.WinForms\EnterpriseWms.WinForms.csproj", "{0D229EC5-3011-41E1-9CA0-51783FB304D3}"
EndProject
Global
	GlobalSection(SolutionConfigurationPlatforms) = preSolution
		Debug|Any CPU = Debug|Any CPU
		Debug|x64 = Debug|x64
		Debug|x86 = Debug|x86
		Release|Any CPU = Release|Any CPU
		Release|x64 = Release|x64
		Release|x86 = Release|x86
	EndGlobalSection
	GlobalSection(ProjectConfigurationPlatforms) = postSolution
		{58D31E8E-F7C4-4FE5-A4BB-3A14C33E7F82}.Debug|Any CPU.ActiveCfg = Debug|Any CPU
		{58D31E8E-F7C4-4FE5-A4BB-3A14C33E7F82}.Debug|Any CPU.Build.0 = Debug|Any CPU
		{58D31E8E-F7C4-4FE5-A4BB-3A14C33E7F82}.Debug|x64.ActiveCfg = Debug|Any CPU
		{58D31E8E-F7C4-4FE5-A4BB-3A14C33E7F82}.Debug|x64.Build.0 = Debug|Any CPU
		{58D31E8E-F7C4-4FE5-A4BB-3A14C33E7F82}.Debug|x86.ActiveCfg = Debug|Any CPU
		{58D31E8E-F7C4-4FE5-A4BB-3A14C33E7F82}.Debug|x86.Build.0 = Debug|Any CPU
		{58D31E8E-F7C4-4FE5-A4BB-3A14C33E7F82}.Release|Any CPU.ActiveCfg = Release|Any CPU
		{58D31E8E-F7C4-4FE5-A4BB-3A14C33E7F82}.Release|Any CPU.Build.0 = Release|Any CPU
		{58D31E8E-F7C4-4FE5-A4BB-3A14C33E7F82}.Release|x64.ActiveCfg = Release|Any CPU
		{58D31E8E-F7C4-4FE5-A4BB-3A14C33E7F82}.Release|x64.Build.0 = Release|Any CPU
		{58D31E8E-F7C4-4FE5-A4BB-3A14C33E7F82}.Release|x86.ActiveCfg = Release|Any CPU
		{58D31E8E-F7C4-4FE5-A4BB-3A14C33E7F82}.Release|x86.Build.0 = Release|Any CPU
		{5E3674B2-0BDF-473F-974C-12F38C132EA0}.Debug|Any CPU.ActiveCfg = Debug|Any CPU
		{5E3674B2-0BDF-473F-974C-12F38C132EA0}.Debug|Any CPU.Build.0 = Debug|Any CPU
		{5E3674B2-0BDF-473F-974C-12F38C132EA0}.Debug|x64.ActiveCfg = Debug|Any CPU
		{5E3674B2-0BDF-473F-974C-12F38C132EA0}.Debug|x64.Build.0 = Debug|Any CPU
		{5E3674B2-0BDF-473F-974C-12F38C132EA0}.Debug|x86.ActiveCfg = Debug|Any CPU
		{5E3674B2-0BDF-473F-974C-12F38C132EA0}.Debug|x86.Build.0 = Debug|Any CPU
		{5E3674B2-0BDF-473F-974C-12F38C132EA0}.Release|Any CPU.ActiveCfg = Release|Any CPU
		{5E3674B2-0BDF-473F-974C-12F38C132EA0}.Release|Any CPU.Build.0 = Release|Any CPU
		{5E3674B2-0BDF-473F-974C-12F38C132EA0}.Release|x64.ActiveCfg = Release|Any CPU
		{5E3674B2-0BDF-473F-974C-12F38C132EA0}.Release|x64.Build.0 = Release|Any CPU
		{5E3674B2-0BDF-473F-974C-12F38C132EA0}.Release|x86.ActiveCfg = Release|Any CPU
		{5E3674B2-0BDF-473F-974C-12F38C132EA0}.Release|x86.Build.0 = Release|Any CPU
		{546D66FD-60FC-4045-A811-BFCE1D6B40A5}.Debug|Any CPU.ActiveCfg = Debug|Any CPU
		{546D66FD-60FC-4045-A811-BFCE1D6B40A5}.Debug|Any CPU.Build.0 = Debug|Any CPU
		{546D66FD-60FC-4045-A811-BFCE1D6B40A5}.Debug|x64.ActiveCfg = Debug|Any CPU
		{546D66FD-60FC-4045-A811-BFCE1D6B40A5}.Debug|x64.Build.0 = Debug|Any CPU
		{546D66FD-60FC-4045-A811-BFCE1D6B40A5}.Debug|x86.ActiveCfg = Debug|Any CPU
		{546D66FD-60FC-4045-A811-BFCE1D6B40A5}.Debug|x86.Build.0 = Debug|Any CPU
		{546D66FD-60FC-4045-A811-BFCE1D6B40A5}.Release|Any CPU.ActiveCfg = Release|Any CPU
		{546D66FD-60FC-4045-A811-BFCE1D6B40A5}.Release|Any CPU.Build.0 = Release|Any CPU
		{546D66FD-60FC-4045-A811-BFCE1D6B40A5}.Release|x64.ActiveCfg = Release|Any CPU
		{546D66FD-60FC-4045-A811-BFCE1D6B40A5}.Release|x64.Build.0 = Release|Any CPU
		{546D66FD-60FC-4045-A811-BFCE1D6B40A5}.Release|x86.ActiveCfg = Release|Any CPU
		{546D66FD-60FC-4045-A811-BFCE1D6B40A5}.Release|x86.Build.0 = Release|Any CPU
		{969F6207-1649-4114-B4CB-7662570985FC}.Debug|Any CPU.ActiveCfg = Debug|Any CPU
		{969F6207-1649-4114-B4CB-7662570985FC}.Debug|Any CPU.Build.0 = Debug|Any CPU
		{969F6207-1649-4114-B4CB-7662570985FC}.Debug|x64.ActiveCfg = Debug|Any CPU
		{969F6207-1649-4114-B4CB-7662570985FC}.Debug|x64.Build.0 = Debug|Any CPU
		{969F6207-1649-4114-B4CB-7662570985FC}.Debug|x86.ActiveCfg = Debug|Any CPU
		{969F6207-1649-4114-B4CB-7662570985FC}.Debug|x86.Build.0 = Debug|Any CPU
		{969F6207-1649-4114-B4CB-7662570985FC}.Release|Any CPU.ActiveCfg = Release|Any CPU
		{969F6207-1649-4114-B4CB-7662570985FC}.Release|Any CPU.Build.0 = Release|Any CPU
		{969F6207-1649-4114-B4CB-7662570985FC}.Release|x64.ActiveCfg = Release|Any CPU
		{969F6207-1649-4114-B4CB-7662570985FC}.Release|x64.Build.0 = Release|Any CPU
		{969F6207-1649-4114-B4CB-7662570985FC}.Release|x86.ActiveCfg = Release|Any CPU
		{969F6207-1649-4114-B4CB-7662570985FC}.Release|x86.Build.0 = Release|Any CPU
		{6BAD4051-5443-446E-9512-E635D7B11AAD}.Debug|Any CPU.ActiveCfg = Debug|Any CPU
		{6BAD4051-5443-446E-9512-E635D7B11AAD}.Debug|Any CPU.Build.0 = Debug|Any CPU
		{6BAD4051-5443-446E-9512-E635D7B11AAD}.Debug|x64.ActiveCfg = Debug|Any CPU
		{6BAD4051-5443-446E-9512-E635D7B11AAD}.Debug|x64.Build.0 = Debug|Any CPU
		{6BAD4051-5443-446E-9512-E635D7B11AAD}.Debug|x86.ActiveCfg = Debug|Any CPU
		{6BAD4051-5443-446E-9512-E635D7B11AAD}.Debug|x86.Build.0 = Debug|Any CPU
		{6BAD4051-5443-446E-9512-E635D7B11AAD}.Release|Any CPU.ActiveCfg = Release|Any CPU
		{6BAD4051-5443-446E-9512-E635D7B11AAD}.Release|Any CPU.Build.0 = Release|Any CPU
		{6BAD4051-5443-446E-9512-E635D7B11AAD}.Release|x64.ActiveCfg = Release|Any CPU
		{6BAD4051-5443-446E-9512-E635D7B11AAD}.Release|x64.Build.0 = Release|Any CPU
		{6BAD4051-5443-446E-9512-E635D7B11AAD}.Release|x86.ActiveCfg = Release|Any CPU
		{6BAD4051-5443-446E-9512-E635D7B11AAD}.Release|x86.Build.0 = Release|Any CPU
		{3E50ECFA-EE5F-47E1-8CA0-549133CA437E}.Debug|Any CPU.ActiveCfg = Debug|Any CPU
		{3E50ECFA-EE5F-47E1-8CA0-549133CA437E}.Debug|Any CPU.Build.0 = Debug|Any CPU
		{3E50ECFA-EE5F-47E1-8CA0-549133CA437E}.Debug|x64.ActiveCfg = Debug|Any CPU
		{3E50ECFA-EE5F-47E1-8CA0-549133CA437E}.Debug|x64.Build.0 = Debug|Any CPU
		{3E50ECFA-EE5F-47E1-8CA0-549133CA437E}.Debug|x86.ActiveCfg = Debug|Any CPU
		{3E50ECFA-EE5F-47E1-8CA0-549133CA437E}.Debug|x86.Build.0 = Debug|Any CPU
		{3E50ECFA-EE5F-47E1-8CA0-549133CA437E}.Release|Any CPU.ActiveCfg = Release|Any CPU
		{3E50ECFA-EE5F-47E1-8CA0-549133CA437E}.Release|Any CPU.Build.0 = Release|Any CPU
		{3E50ECFA-EE5F-47E1-8CA0-549133CA437E}.Release|x64.ActiveCfg = Release|Any CPU
		{3E50ECFA-EE5F-47E1-8CA0-549133CA437E}.Release|x64.Build.0 = Release|Any CPU
		{3E50ECFA-EE5F-47E1-8CA0-549133CA437E}.Release|x86.ActiveCfg = Release|Any CPU
		{3E50ECFA-EE5F-47E1-8CA0-549133CA437E}.Release|x86.Build.0 = Release|Any CPU
		{0D229EC5-3011-41E1-9CA0-51783FB304D3}.Debug|Any CPU.ActiveCfg = Debug|Any CPU
		{0D229EC5-3011-41E1-9CA0-51783FB304D3}.Debug|Any CPU.Build.0 = Debug|Any CPU
		{0D229EC5-3011-41E1-9CA0-51783FB304D3}.Debug|x64.ActiveCfg = Debug|Any CPU
		{0D229EC5-3011-41E1-9CA0-51783FB304D3}.Debug|x64.Build.0 = Debug|Any CPU
		{0D229EC5-3011-41E1-9CA0-51783FB304D3}.Debug|x86.ActiveCfg = Debug|Any CPU
		{0D229EC5-3011-41E1-9CA0-51783FB304D3}.Debug|x86.Build.0 = Debug|Any CPU
		{0D229EC5-3011-41E1-9CA0-51783FB304D3}.Release|Any CPU.ActiveCfg = Release|Any CPU
		{0D229EC5-3011-41E1-9CA0-51783FB304D3}.Release|Any CPU.Build.0 = Release|Any CPU
		{0D229EC5-3011-41E1-9CA0-51783FB304D3}.Release|x64.ActiveCfg = Release|Any CPU
		{0D229EC5-3011-41E1-9CA0-51783FB304D3}.Release|x64.Build.0 = Release|Any CPU
		{0D229EC5-3011-41E1-9CA0-51783FB304D3}.Release|x86.ActiveCfg = Release|Any CPU
		{0D229EC5-3011-41E1-9CA0-51783FB304D3}.Release|x86.Build.0 = Release|Any CPU
	EndGlobalSection
	GlobalSection(SolutionProperties) = preSolution
		HideSolutionNode = FALSE
	EndGlobalSection
	GlobalSection(NestedProjects) = preSolution
		{58D31E8E-F7C4-4FE5-A4BB-3A14C33E7F82} = {827E0CD3-B72D-47B6-A68D-7590B98EB39B}
		{5E3674B2-0BDF-473F-974C-12F38C132EA0} = {0AB3BF05-4346-4AA6-1389-037BE0695223}
		{546D66FD-60FC-4045-A811-BFCE1D6B40A5} = {827E0CD3-B72D-47B6-A68D-7590B98EB39B}
		{969F6207-1649-4114-B4CB-7662570985FC} = {827E0CD3-B72D-47B6-A68D-7590B98EB39B}
		{6BAD4051-5443-446E-9512-E635D7B11AAD} = {827E0CD3-B72D-47B6-A68D-7590B98EB39B}
		{3E50ECFA-EE5F-47E1-8CA0-549133CA437E} = {827E0CD3-B72D-47B6-A68D-7590B98EB39B}
		{0D229EC5-3011-41E1-9CA0-51783FB304D3} = {827E0CD3-B72D-47B6-A68D-7590B98EB39B}
	EndGlobalSection
EndGlobal
